
Microsoft Visual Studio Solution File, Format Version 12.00
# Visual Studio Version 16
VisualStudioVersion = 16.0.29230.61
MinimumVisualStudioVersion = 10.0.40219.1
Project("{FAE04EC0-301F-11D3-BF4B-00C04F79EFBC}") = "mhw-save-info", "mhw-save-info\mhw-save-info.csproj", "{78260A31-0B12-45D1-BE00-39CEDCD9FBBD}"
EndProject
Global
	GlobalSection(SolutionConfigurationPlatforms) = preSolution
		Debug|Any CPU = Debug|Any CPU
		Release|Any CPU = Release|Any CPU
	EndGlobalSection
	GlobalSection(ProjectConfigurationPlatforms) = postSolution
		{78260A31-0B12-45D1-BE00-39CEDCD9FBBD}.Debug|Any CPU.ActiveCfg = Debug|Any CPU
		{78260A31-0B12-45D1-BE00-39CEDCD9FBBD}.Debug|Any CPU.Build.0 = Debug|Any CPU
		{78260A31-0B12-45D1-BE00-39CEDCD9FBBD}.Release|Any CPU.ActiveCfg = Release|Any CPU
		{78260A31-0B12-45D1-BE00-39CEDCD9FBBD}.Release|Any CPU.Build.0 = Release|Any CPU
	EndGlobalSection
	GlobalSection(SolutionProperties) = preSolution
		HideSolutionNode = FALSE
	EndGlobalSection
	GlobalSection(ExtensibilityGlobals) = postSolution
		SolutionGuid = {2AF3DA70-8893-451B-8818-7713544FC521}
	EndGlobalSection
EndGlobal
